
Microsoft Visual Studio Solution File, Format Version 12.00
# Visual Studio Version 16
VisualStudioVersion = 16.0.31112.23
MinimumVisualStudioVersion = 10.0.40219.1
Project("{FAE04EC0-301F-11D3-BF4B-00C04F79EFBC}") = "App1.UWP", "App1\App1.UWP\App1.UWP.csproj", "{0D3CF609-744A-4166-B8FB-EA856D7C1181}"
EndProject
Project("{FAE04EC0-301F-11D3-BF4B-00C04F79EFBC}") = "App1.Android", "App1\App1.Android\App1.Android.csproj", "{33501E2D-F91A-4DBF-A9CA-D8A0618623B0}"
EndProject
Project("{FAE04EC0-301F-11D3-BF4B-00C04F79EFBC}") = "App1.iOS", "App1\App1.iOS\App1.iOS.csproj", "{FCFC73AA-1995-4F12-BB29-5BE26C16CCFF}"
EndProject
Project("{FAE04EC0-301F-11D3-BF4B-00C04F79EFBC}") = "App1", "App1\App1\App1.csproj", "{A1CAAC8F-8CE0-4AE8-AD5C-04EE26D7EF90}"
EndProject
Global
	GlobalSection(SolutionConfigurationPlatforms) = preSolution
		Debug|Any CPU = Debug|Any CPU
		Debug|ARM = Debug|ARM
		Debug|iPhone = Debug|iPhone
		Debug|iPhoneSimulator = Debug|iPhoneSimulator
		Debug|x64 = Debug|x64
		Debug|x86 = Debug|x86
		Release|Any CPU = Release|Any CPU
		Release|ARM = Release|ARM
		Release|iPhone = Release|iPhone
		Release|iPhoneSimulator = Release|iPhoneSimulator
		Release|x64 = Release|x64
		Release|x86 = Release|x86
	EndGlobalSection
	GlobalSection(ProjectConfigurationPlatforms) = postSolution
		{0D3CF609-744A-4166-B8FB-EA856D7C1181}.Debug|Any CPU.ActiveCfg = Debug|x86
		{0D3CF609-744A-4166-B8FB-EA856D7C1181}.Debug|Any CPU.Build.0 = Debug|x86
		{0D3CF609-744A-4166-B8FB-EA856D7C1181}.Debug|Any CPU.Deploy.0 = Debug|x86
		{0D3CF609-744A-4166-B8FB-EA856D7C1181}.Debug|ARM.ActiveCfg = Debug|ARM
		{0D3CF609-744A-4166-B8FB-EA856D7C1181}.Debug|ARM.Build.0 = Debug|ARM
		{0D3CF609-744A-4166-B8FB-EA856D7C1181}.Debug|ARM.Deploy.0 = Debug|ARM
		{0D3CF609-744A-4166-B8FB-EA856D7C1181}.Debug|iPhone.ActiveCfg = Debug|x86
		{0D3CF609-744A-4166-B8FB-EA856D7C1181}.Debug|iPhone.Build.0 = Debug|x86
		{0D3CF609-744A-4166-B8FB-EA856D7C1181}.Debug|iPhone.Deploy.0 = Debug|x86
		{0D3CF609-744A-4166-B8FB-EA856D7C1181}.Debug|iPhoneSimulator.ActiveCfg = Debug|x86
		{0D3CF609-744A-4166-B8FB-EA856D7C1181}.Debug|iPhoneSimulator.Build.0 = Debug|x86
		{0D3CF609-744A-4166-B8FB-EA856D7C1181}.Debug|iPhoneSimulator.Deploy.0 = Debug|x86
		{0D3CF609-744A-4166-B8FB-EA856D7C1181}.Debug|x64.ActiveCfg = Debug|x64
		{0D3CF609-744A-4166-B8FB-EA856D7C1181}.Debug|x64.Build.0 = Debug|x64
		{0D3CF609-744A-4166-B8FB-EA856D7C1181}.Debug|x64.Deploy.0 = Debug|x64
		{0D3CF609-744A-4166-B8FB-EA856D7C1181}.Debug|x86.ActiveCfg = Debug|x86
		{0D3CF609-744A-4166-B8FB-EA856D7C1181}.Debug|x86.Build.0 = Debug|x86
		{0D3CF609-744A-4166-B8FB-EA856D7C1181}.Debug|x86.Deploy.0 = Debug|x86
		{0D3CF609-744A-4166-B8FB-EA856D7C1181}.Release|Any CPU.ActiveCfg = Release|x86
		{0D3CF609-744A-4166-B8FB-EA856D7C1181}.Release|Any CPU.Build.0 = Release|x86
		{0D3CF609-744A-4166-B8FB-EA856D7C1181}.Release|Any CPU.Deploy.0 = Release|x86
		{0D3CF609-744A-4166-B8FB-EA856D7C1181}.Release|ARM.ActiveCfg = Release|ARM
		{0D3CF609-744A-4166-B8FB-EA856D7C1181}.Release|ARM.Build.0 = Release|ARM
		{0D3CF609-744A-4166-B8FB-EA856D7C1181}.Release|ARM.Deploy.0 = Release|ARM
		{0D3CF609-744A-4166-B8FB-EA856D7C1181}.Release|iPhone.ActiveCfg = Release|x86
		{0D3CF609-744A-4166-B8FB-EA856D7C1181}.Release|iPhone.Build.0 = Release|x86
		{0D3CF609-744A-4166-B8FB-EA856D7C1181}.Release|iPhone.Deploy.0 = Release|x86
		{0D3CF609-744A-4166-B8FB-EA856D7C1181}.Release|iPhoneSimulator.ActiveCfg = Release|x86
		{0D3CF609-744A-4166-B8FB-EA856D7C1181}.Release|iPhoneSimulator.Build.0 = Release|x86
		{0D3CF609-744A-4166-B8FB-EA856D7C1181}.Release|iPhoneSimulator.Deploy.0 = Release|x86
		{0D3CF609-744A-4166-B8FB-EA856D7C1181}.Release|x64.ActiveCfg = Release|x64
		{0D3CF609-744A-4166-B8FB-EA856D7C1181}.Release|x64.Build.0 = Release|x64
		{0D3CF609-744A-4166-B8FB-EA856D7C1181}.Release|x64.Deploy.0 = Release|x64
		{0D3CF609-744A-4166-B8FB-EA856D7C1181}.Release|x86.ActiveCfg = Release|x86
		{0D3CF609-744A-4166-B8FB-EA856D7C1181}.Release|x86.Build.0 = Release|x86
		{0D3CF609-744A-4166-B8FB-EA856D7C1181}.Release|x86.Deploy.0 = Release|x86
		{33501E2D-F91A-4DBF-A9CA-D8A0618623B0}.Debug|Any CPU.ActiveCfg = Debug|Any CPU
		{33501E2D-F91A-4DBF-A9CA-D8A0618623B0}.Debug|Any CPU.Build.0 = Debug|Any CPU
		{33501E2D-F91A-4DBF-A9CA-D8A0618623B0}.Debug|Any CPU.Deploy.0 = Debug|Any CPU
		{33501E2D-F91A-4DBF-A9CA-D8A0618623B0}.Debug|ARM.ActiveCfg = Debug|Any CPU
		{33501E2D-F91A-4DBF-A9CA-D8A0618623B0}.Debug|ARM.Build.0 = Debug|Any CPU
		{33501E2D-F91A-4DBF-A9CA-D8A0618623B0}.Debug|ARM.Deploy.0 = Debug|Any CPU
		{33501E2D-F91A-4DBF-A9CA-D8A0618623B0}.Debug|iPhone.ActiveCfg = Debug|Any CPU
		{33501E2D-F91A-4DBF-A9CA-D8A0618623B0}.Debug|iPhone.Build.0 = Debug|Any CPU
		{33501E2D-F91A-4DBF-A9CA-D8A0618623B0}.Debug|iPhone.Deploy.0 = Debug|Any CPU
		{33501E2D-F91A-4DBF-A9CA-D8A0618623B0}.Debug|iPhoneSimulator.ActiveCfg = Debug|Any CPU
		{33501E2D-F91A-4DBF-A9CA-D8A0618623B0}.Debug|iPhoneSimulator.Build.0 = Debug|Any CPU
		{33501E2D-F91A-4DBF-A9CA-D8A0618623B0}.Debug|iPhoneSimulator.Deploy.0 = Debug|Any CPU
		{33501E2D-F91A-4DBF-A9CA-D8A0618623B0}.Debug|x64.ActiveCfg = Debug|Any CPU
		{33501E2D-F91A-4DBF-A9CA-D8A0618623B0}.Debug|x64.Build.0 = Debug|Any CPU
		{33501E2D-F91A-4DBF-A9CA-D8A0618623B0}.Debug|x64.Deploy.0 = Debug|Any CPU
		{33501E2D-F91A-4DBF-A9CA-D8A0618623B0}.Debug|x86.ActiveCfg = Debug|Any CPU
		{33501E2D-F91A-4DBF-A9CA-D8A0618623B0}.Debug|x86.Build.0 = Debug|Any CPU
		{33501E2D-F91A-4DBF-A9CA-D8A0618623B0}.Debug|x86.Deploy.0 = Debug|Any CPU
		{33501E2D-F91A-4DBF-A9CA-D8A0618623B0}.Release|Any CPU.ActiveCfg = Release|Any CPU
		{33501E2D-F91A-4DBF-A9CA-D8A0618623B0}.Release|Any CPU.Build.0 = Release|Any CPU
		{33501E2D-F91A-4DBF-A9CA-D8A0618623B0}.Release|Any CPU.Deploy.0 = Release|Any CPU
		{33501E2D-F91A-4DBF-A9CA-D8A0618623B0}.Release|ARM.ActiveCfg = Release|Any CPU
		{33501E2D-F91A-4DBF-A9CA-D8A0618623B0}.Release|ARM.Build.0 = Release|Any CPU
		{33501E2D-F91A-4DBF-A9CA-D8A0618623B0}.Release|ARM.Deploy.0 = Release|Any CPU
		{33501E2D-F91A-4DBF-A9CA-D8A0618623B0}.Release|iPhone.ActiveCfg = Release|Any CPU
		{33501E2D-F91A-4DBF-A9CA-D8A0618623B0}.Release|iPhone.Build.0 = Release|Any CPU
		{33501E2D-F91A-4DBF-A9CA-D8A0618623B0}.Release|iPhone.Deploy.0 = Release|Any CPU
		{33501E2D-F91A-4DBF-A9CA-D8A0618623B0}.Release|iPhoneSimulator.ActiveCfg = Release|Any CPU
		{33501E2D-F91A-4DBF-A9CA-D8A0618623B0}.Release|iPhoneSimulator.Build.0 = Release|Any CPU
		{33501E2D-F91A-4DBF-A9CA-D8A0618623B0}.Release|iPhoneSimulator.Deploy.0 = Release|Any CPU
		{33501E2D-F91A-4DBF-A9CA-D8A0618623B0}.Release|x64.ActiveCfg = Release|Any CPU
		{33501E2D-F91A-4DBF-A9CA-D8A0618623B0}.Release|x64.Build.0 = Release|Any CPU
		{33501E2D-F91A-4DBF-A9CA-D8A0618623B0}.Release|x64.Deploy.0 = Release|Any CPU
		{33501E2D-F91A-4DBF-A9CA-D8A0618623B0}.Release|x86.ActiveCfg = Release|Any CPU
		{33501E2D-F91A-4DBF-A9CA-D8A0618623B0}.Release|x86.Build.0 = Release|Any CPU
		{33501E2D-F91A-4DBF-A9CA-D8A0618623B0}.Release|x86.Deploy.0 = Release|Any CPU
		{FCFC73AA-1995-4F12-BB29-5BE26C16CCFF}.Debug|Any CPU.ActiveCfg = Debug|iPhoneSimulator
		{FCFC73AA-1995-4F12-BB29-5BE26C16CCFF}.Debug|Any CPU.Build.0 = Debug|iPhoneSimulator
		{FCFC73AA-1995-4F12-BB29-5BE26C16CCFF}.Debug|Any CPU.Deploy.0 = Debug|iPhoneSimulator
		{FCFC73AA-1995-4F12-BB29-5BE26C16CCFF}.Debug|ARM.ActiveCfg = Debug|iPhone
		{FCFC73AA-1995-4F12-BB29-5BE26C16CCFF}.Debug|ARM.Build.0 = Debug|iPhone
		{FCFC73AA-1995-4F12-BB29-5BE26C16CCFF}.Debug|ARM.Deploy.0 = Debug|iPhone
		{FCFC73AA-1995-4F12-BB29-5BE26C16CCFF}.Debug|iPhone.ActiveCfg = Debug|iPhone
		{FCFC73AA-1995-4F12-BB29-5BE26C16CCFF}.Debug|iPhone.Build.0 = Debug|iPhone
		{FCFC73AA-1995-4F12-BB29-5BE26C16CCFF}.Debug|iPhone.Deploy.0 = Debug|iPhone
		{FCFC73AA-1995-4F12-BB29-5BE26C16CCFF}.Debug|iPhoneSimulator.ActiveCfg = Debug|iPhoneSimulator
		{FCFC73AA-1995-4F12-BB29-5BE26C16CCFF}.Debug|iPhoneSimulator.Build.0 = Debug|iPhoneSimulator
		{FCFC73AA-1995-4F12-BB29-5BE26C16CCFF}.Debug|iPhoneSimulator.Deploy.0 = Debug|iPhoneSimulator
		{FCFC73AA-1995-4F12-BB29-5BE26C16CCFF}.Debug|x64.ActiveCfg = Debug|iPhoneSimulator
		{FCFC73AA-1995-4F12-BB29-5BE26C16CCFF}.Debug|x64.Build.0 = Debug|iPhoneSimulator
		{FCFC73AA-1995-4F12-BB29-5BE26C16CCFF}.Debug|x64.Deploy.0 = Debug|iPhoneSimulator
		{FCFC73AA-1995-4F12-BB29-5BE26C16CCFF}.Debug|x86.ActiveCfg = Debug|iPhoneSimulator
		{FCFC73AA-1995-4F12-BB29-5BE26C16CCFF}.Debug|x86.Build.0 = Debug|iPhoneSimulator
		{FCFC73AA-1995-4F12-BB29-5BE26C16CCFF}.Debug|x86.Deploy.0 = Debug|iPhoneSimulator
		{FCFC73AA-1995-4F12-BB29-5BE26C16CCFF}.Release|Any CPU.ActiveCfg = Release|iPhoneSimulator
		{FCFC73AA-1995-4F12-BB29-5BE26C16CCFF}.Release|Any CPU.Build.0 = Release|iPhoneSimulator
		{FCFC73AA-1995-4F12-BB29-5BE26C16CCFF}.Release|Any CPU.Deploy.0 = Release|iPhoneSimulator
		{FCFC73AA-1995-4F12-BB29-5BE26C16CCFF}.Release|ARM.ActiveCfg = Release|iPhoneSimulator
		{FCFC73AA-1995-4F12-BB29-5BE26C16CCFF}.Release|ARM.Build.0 = Release|iPhoneSimulator
		{FCFC73AA-1995-4F12-BB29-5BE26C16CCFF}.Release|ARM.Deploy.0 = Release|iPhoneSimulator
		{FCFC73AA-1995-4F12-BB29-5BE26C16CCFF}.Release|iPhone.ActiveCfg = Release|iPhone
		{FCFC73AA-1995-4F12-BB29-5BE26C16CCFF}.Release|iPhone.Build.0 = Release|iPhone
		{FCFC73AA-1995-4F12-BB29-5BE26C16CCFF}.Release|iPhone.Deploy.0 = Release|iPhone
		{FCFC73AA-1995-4F12-BB29-5BE26C16CCFF}.Release|iPhoneSimulator.ActiveCfg = Release|iPhoneSimulator
		{FCFC73AA-1995-4F12-BB29-5BE26C16CCFF}.Release|iPhoneSimulator.Build.0 = Release|iPhoneSimulator
		{FCFC73AA-1995-4F12-BB29-5BE26C16CCFF}.Release|iPhoneSimulator.Deploy.0 = Release|iPhoneSimulator
		{FCFC73AA-1995-4F12-BB29-5BE26C16CCFF}.Release|x64.ActiveCfg = Release|iPhoneSimulator
		{FCFC73AA-1995-4F12-BB29-5BE26C16CCFF}.Release|x64.Build.0 = Release|iPhoneSimulator
		{FCFC73AA-1995-4F12-BB29-5BE26C16CCFF}.Release|x64.Deploy.0 = Release|iPhoneSimulator
		{FCFC73AA-1995-4F12-BB29-5BE26C16CCFF}.Release|x86.ActiveCfg = Release|iPhoneSimulator
		{FCFC73AA-1995-4F12-BB29-5BE26C16CCFF}.Release|x86.Build.0 = Release|iPhoneSimulator
		{FCFC73AA-1995-4F12-BB29-5BE26C16CCFF}.Release|x86.Deploy.0 = Release|iPhoneSimulator
		{A1CAAC8F-8CE0-4AE8-AD5C-04EE26D7EF90}.Debug|Any CPU.ActiveCfg = Debug|Any CPU
		{A1CAAC8F-8CE0-4AE8-AD5C-04EE26D7EF90}.Debug|Any CPU.Build.0 = Debug|Any CPU
		{A1CAAC8F-8CE0-4AE8-AD5C-04EE26D7EF90}.Debug|Any CPU.Deploy.0 = Debug|Any CPU
		{A1CAAC8F-8CE0-4AE8-AD5C-04EE26D7EF90}.Debug|ARM.ActiveCfg = Debug|Any CPU
		{A1CAAC8F-8CE0-4AE8-AD5C-04EE26D7EF90}.Debug|ARM.Build.0 = Debug|Any CPU
		{A1CAAC8F-8CE0-4AE8-AD5C-04EE26D7EF90}.Debug|ARM.Deploy.0 = Debug|Any CPU
		{A1CAAC8F-8CE0-4AE8-AD5C-04EE26D7EF90}.Debug|iPhone.ActiveCfg = Debug|Any CPU
		{A1CAAC8F-8CE0-4AE8-AD5C-04EE26D7EF90}.Debug|iPhone.Build.0 = Debug|Any CPU
		{A1CAAC8F-8CE0-4AE8-AD5C-04EE26D7EF90}.Debug|iPhone.Deploy.0 = Debug|Any CPU
		{A1CAAC8F-8CE0-4AE8-AD5C-04EE26D7EF90}.Debug|iPhoneSimulator.ActiveCfg = Debug|Any CPU
		{A1CAAC8F-8CE0-4AE8-AD5C-04EE26D7EF90}.Debug|iPhoneSimulator.Build.0 = Debug|Any CPU
		{A1CAAC8F-8CE0-4AE8-AD5C-04EE26D7EF90}.Debug|iPhoneSimulator.Deploy.0 = Debug|Any CPU
		{A1CAAC8F-8CE0-4AE8-AD5C-04EE26D7EF90}.Debug|x64.ActiveCfg = Debug|Any CPU
		{A1CAAC8F-8CE0-4AE8-AD5C-04EE26D7EF90}.Debug|x64.Build.0 = Debug|Any CPU
		{A1CAAC8F-8CE0-4AE8-AD5C-04EE26D7EF90}.Debug|x64.Deploy.0 = Debug|Any CPU
		{A1CAAC8F-8CE0-4AE8-AD5C-04EE26D7EF90}.Debug|x86.ActiveCfg = Debug|Any CPU
		{A1CAAC8F-8CE0-4AE8-AD5C-04EE26D7EF90}.Debug|x86.Build.0 = Debug|Any CPU
		{A1CAAC8F-8CE0-4AE8-AD5C-04EE26D7EF90}.Debug|x86.Deploy.0 = Debug|Any CPU
		{A1CAAC8F-8CE0-4AE8-AD5C-04EE26D7EF90}.Release|Any CPU.ActiveCfg = Release|Any CPU
		{A1CAAC8F-8CE0-4AE8-AD5C-04EE26D7EF90}.Release|Any CPU.Build.0 = Release|Any CPU
		{A1CAAC8F-8CE0-4AE8-AD5C-04EE26D7EF90}.Release|Any CPU.Deploy.0 = Release|Any CPU
		{A1CAAC8F-8CE0-4AE8-AD5C-04EE26D7EF90}.Release|ARM.ActiveCfg = Release|Any CPU
		{A1CAAC8F-8CE0-4AE8-AD5C-04EE26D7EF90}.Release|ARM.Build.0 = Release|Any CPU
		{A1CAAC8F-8CE0-4AE8-AD5C-04EE26D7EF90}.Release|ARM.Deploy.0 = Release|Any CPU
		{A1CAAC8F-8CE0-4AE8-AD5C-04EE26D7EF90}.Release|iPhone.ActiveCfg = Release|Any CPU
		{A1CAAC8F-8CE0-4AE8-AD5C-04EE26D7EF90}.Release|iPhone.Build.0 = Release|Any CPU
		{A1CAAC8F-8CE0-4AE8-AD5C-04EE26D7EF90}.Release|iPhone.Deploy.0 = Release|Any CPU
		{A1CAAC8F-8CE0-4AE8-AD5C-04EE26D7EF90}.Release|iPhoneSimulator.ActiveCfg = Release|Any CPU
		{A1CAAC8F-8CE0-4AE8-AD5C-04EE26D7EF90}.Release|iPhoneSimulator.Build.0 = Release|Any CPU
		{A1CAAC8F-8CE0-4AE8-AD5C-04EE26D7EF90}.Release|iPhoneSimulator.Deploy.0 = Release|Any CPU
		{A1CAAC8F-8CE0-4AE8-AD5C-04EE26D7EF90}.Release|x64.ActiveCfg = Release|Any CPU
		{A1CAAC8F-8CE0-4AE8-AD5C-04EE26D7EF90}.Release|x64.Build.0 = Release|Any CPU
		{A1CAAC8F-8CE0-4AE8-AD5C-04EE26D7EF90}.Release|x64.Deploy.0 = Release|Any CPU
		{A1CAAC8F-8CE0-4AE8-AD5C-04EE26D7EF90}.Release|x86.ActiveCfg = Release|Any CPU
		{A1CAAC8F-8CE0-4AE8-AD5C-04EE26D7EF90}.Release|x86.Build.0 = Release|Any CPU
		{A1CAAC8F-8CE0-4AE8-AD5C-04EE26D7EF90}.Release|x86.Deploy.0 = Release|Any CPU
	EndGlobalSection
	GlobalSection(SolutionProperties) = preSolution
		HideSolutionNode = FALSE
	EndGlobalSection
	GlobalSection(ExtensibilityGlobals) = postSolution
		SolutionGuid = {C54D57DF-CAFC-4953-9CC1-1A3E7C32491B}
	EndGlobalSection
EndGlobal
